
Microsoft Visual Studio Solution File, Format Version 12.00
# Visual Studio Version 16
VisualStudioVersion = 16.0.29123.89
MinimumVisualStudioVersion = 10.0.40219.1
Project("{FAE04EC0-301F-11D3-BF4B-00C04F79EFBC}") = "AspIdentity", "AspIdentity\AspIdentity.csproj", "{92A9BAFF-90E1-4981-9E16-F46E62CC7B7C}"
EndProject
Global
	GlobalSection(SolutionConfigurationPlatforms) = preSolution
		Debug|Any CPU = Debug|Any CPU
		Release|Any CPU = Release|Any CPU
	EndGlobalSection
	GlobalSection(ProjectConfigurationPlatforms) = postSolution
		{92A9BAFF-90E1-4981-9E16-F46E62CC7B7C}.Debug|Any CPU.ActiveCfg = Debug|Any CPU
		{92A9BAFF-90E1-4981-9E16-F46E62CC7B7C}.Debug|Any CPU.Build.0 = Debug|Any CPU
		{92A9BAFF-90E1-4981-9E16-F46E62CC7B7C}.Release|Any CPU.ActiveCfg = Release|Any CPU
		{92A9BAFF-90E1-4981-9E16-F46E62CC7B7C}.Release|Any CPU.Build.0 = Release|Any CPU
	EndGlobalSection
	GlobalSection(SolutionProperties) = preSolution
		HideSolutionNode = FALSE
	EndGlobalSection
	GlobalSection(ExtensibilityGlobals) = postSolution
		SolutionGuid = {C406C03A-0AF1-47E6-AF4B-154EDA35B796}
	EndGlobalSection
EndGlobal
